// !$*UTF8*$!
{
	archiveVersion = 1;
	classes = {
	};
	objectVersion = 55;
	objects = {

/* Begin PBXBuildFile section */
		521A4F8E28B2A019006CFF61 /* UIStackView + Ext.swift in Sources */ = {isa = PBXBuildFile; fileRef = 521A4F8D28B2A019006CFF61 /* UIStackView + Ext.swift */; };
		521A4F9028B3520E006CFF61 /* UILabel + Ext.swift in Sources */ = {isa = PBXBuildFile; fileRef = 521A4F8F28B3520E006CFF61 /* UILabel + Ext.swift */; };
		521A4F9328B35B86006CFF61 /* TasksTVC.swift in Sources */ = {isa = PBXBuildFile; fileRef = 521A4F9228B35B86006CFF61 /* TasksTVC.swift */; };
		52435BAC28B47CA70071D241 /* UIAlertControllerError.swift in Sources */ = {isa = PBXBuildFile; fileRef = 52435BAB28B47CA70071D241 /* UIAlertControllerError.swift */; };
		52435BAE28B4852C0071D241 /* ColorTVC.swift in Sources */ = {isa = PBXBuildFile; fileRef = 52435BAD28B4852C0071D241 /* ColorTVC.swift */; };
		52435BB028B494410071D241 /* TasksOptionTBV.swift in Sources */ = {isa = PBXBuildFile; fileRef = 52435BAF28B494410071D241 /* TasksOptionTBV.swift */; };
		52435BB428B4A13C0071D241 /* ColorTasksTBV.swift in Sources */ = {isa = PBXBuildFile; fileRef = 52435BB328B4A13C0071D241 /* ColorTasksTBV.swift */; };
		529D230728B3F37200AC95A9 /* AlertTime.swift in Sources */ = {isa = PBXBuildFile; fileRef = 529D230628B3F37200AC95A9 /* AlertTime.swift */; };
		529D230928B3F54800AC95A9 /* AlertForCellName.swift in Sources */ = {isa = PBXBuildFile; fileRef = 529D230828B3F54800AC95A9 /* AlertForCellName.swift */; };
		529D230E28B4785800AC95A9 /* ScheduleColorVC.swift in Sources */ = {isa = PBXBuildFile; fileRef = 529D230D28B4785800AC95A9 /* ScheduleColorVC.swift */; };
		52AB25A428B364FC0006B7BA /* PressButtonProtocol.swift in Sources */ = {isa = PBXBuildFile; fileRef = 52AB25A328B364FC0006B7BA /* PressButtonProtocol.swift */; };
		52AB25A628B3883B0006B7BA /* OptionScheduleVC.swift in Sources */ = {isa = PBXBuildFile; fileRef = 52AB25A528B3883B0006B7BA /* OptionScheduleVC.swift */; };
		52AB25A828B38BF10006B7BA /* OptionTVC.swift in Sources */ = {isa = PBXBuildFile; fileRef = 52AB25A728B38BF10006B7BA /* OptionTVC.swift */; };
		52AB25AA28B3A3640006B7BA /* OptionHTC.swift in Sources */ = {isa = PBXBuildFile; fileRef = 52AB25A928B3A3640006B7BA /* OptionHTC.swift */; };
		52AB25AD28B3C0E90006B7BA /* AlertDate.swift in Sources */ = {isa = PBXBuildFile; fileRef = 52AB25AC28B3C0E90006B7BA /* AlertDate.swift */; };
		52AF391E28B0FD8F009846BA /* AppDelegate.swift in Sources */ = {isa = PBXBuildFile; fileRef = 52AF391D28B0FD8F009846BA /* AppDelegate.swift */; };
		52AF392028B0FD8F009846BA /* SceneDelegate.swift in Sources */ = {isa = PBXBuildFile; fileRef = 52AF391F28B0FD8F009846BA /* SceneDelegate.swift */; };
		52AF392728B0FD90009846BA /* Assets.xcassets in Resources */ = {isa = PBXBuildFile; fileRef = 52AF392628B0FD90009846BA /* Assets.xcassets */; };
		52AF392A28B0FD90009846BA /* LaunchScreen.storyboard in Resources */ = {isa = PBXBuildFile; fileRef = 52AF392828B0FD90009846BA /* LaunchScreen.storyboard */; };
		52AF393728B103CD009846BA /* ScheduleVC.swift in Sources */ = {isa = PBXBuildFile; fileRef = 52AF393628B103CD009846BA /* ScheduleVC.swift */; };
		52AF393928B103FA009846BA /* TasksVC.swift in Sources */ = {isa = PBXBuildFile; fileRef = 52AF393828B103FA009846BA /* TasksVC.swift */; };
		52AF393B28B1040B009846BA /* ContactsVC.swift in Sources */ = {isa = PBXBuildFile; fileRef = 52AF393A28B1040B009846BA /* ContactsVC.swift */; };
		52AF394728B123D8009846BA /* TabBarController.swift in Sources */ = {isa = PBXBuildFile; fileRef = 52AF394228B123D7009846BA /* TabBarController.swift */; };
		52AF394828B123D8009846BA /* NavBarController.swift in Sources */ = {isa = PBXBuildFile; fileRef = 52AF394328B123D7009846BA /* NavBarController.swift */; };
		52AF394928B123D8009846BA /* BaseView.swift in Sources */ = {isa = PBXBuildFile; fileRef = 52AF394428B123D7009846BA /* BaseView.swift */; };
		52AF394A28B123D8009846BA /* BaseController.swift in Sources */ = {isa = PBXBuildFile; fileRef = 52AF394528B123D8009846BA /* BaseController.swift */; };
		52AF395128B1243C009846BA /* UIView + Ext.swift in Sources */ = {isa = PBXBuildFile; fileRef = 52AF395028B1243C009846BA /* UIView + Ext.swift */; };
		52AF395228B1243C009846BA /* Date + Ext.swift in Sources */ = {isa = PBXBuildFile; fileRef = 52AF394F28B1243C009846BA /* Date + Ext.swift */; };
		52AF395328B1243C009846BA /* UIColor+Ext.swift in Sources */ = {isa = PBXBuildFile; fileRef = 52AF394E28B1243C009846BA /* UIColor+Ext.swift */; };
		52AF395528B1243F009846BA /* Resorces.swift in Sources */ = {isa = PBXBuildFile; fileRef = 52AF395428B1243F009846BA /* Resorces.swift */; };
		52AF396928B27E51009846BA /* ScheduleTVC.swift in Sources */ = {isa = PBXBuildFile; fileRef = 52AF396828B27E51009846BA /* ScheduleTVC.swift */; };
		52B951F928B4E72F00DDC47E /* ContactsTVCell.swift in Sources */ = {isa = PBXBuildFile; fileRef = 52B951F828B4E72F00DDC47E /* ContactsTVCell.swift */; };
		52B951FB28B5225B00DDC47E /* ContactsOptionTBV.swift in Sources */ = {isa = PBXBuildFile; fileRef = 52B951FA28B5225B00DDC47E /* ContactsOptionTBV.swift */; };
		52B951FD28B601AF00DDC47E /* AlertOfTeacher.swift in Sources */ = {isa = PBXBuildFile; fileRef = 52B951FC28B601AF00DDC47E /* AlertOfTeacher.swift */; };
		52B951FF28B6126C00DDC47E /* AlertPhotoCamera.swift in Sources */ = {isa = PBXBuildFile; fileRef = 52B951FE28B6126C00DDC47E /* AlertPhotoCamera.swift */; };
		52B9520128B6357100DDC47E /* TeacherVC.swift in Sources */ = {isa = PBXBuildFile; fileRef = 52B9520028B6357100DDC47E /* TeacherVC.swift */; };
		52B9520428B6548100DDC47E /* ScheduleModel.swift in Sources */ = {isa = PBXBuildFile; fileRef = 52B9520328B6548100DDC47E /* ScheduleModel.swift */; };
		52B9520728B6562100DDC47E /* RealmManager.swift in Sources */ = {isa = PBXBuildFile; fileRef = 52B9520628B6562100DDC47E /* RealmManager.swift */; };
		52B9520928B7480C00DDC47E /* AlertOk.swift in Sources */ = {isa = PBXBuildFile; fileRef = 52B9520828B7480B00DDC47E /* AlertOk.swift */; };
		CF6BDF7A7D17301926B9FB3B /* Pods_MySchedule.framework in Frameworks */ = {isa = PBXBuildFile; fileRef = E79D04F4B571BE98798749C0 /* Pods_MySchedule.framework */; };
/* End PBXBuildFile section */

/* Begin PBXFileReference section */
		521A4F8D28B2A019006CFF61 /* UIStackView + Ext.swift */ = {isa = PBXFileReference; lastKnownFileType = sourcecode.swift; path = "UIStackView + Ext.swift"; sourceTree = "<group>"; };
		521A4F8F28B3520E006CFF61 /* UILabel + Ext.swift */ = {isa = PBXFileReference; lastKnownFileType = sourcecode.swift; path = "UILabel + Ext.swift"; sourceTree = "<group>"; };
		521A4F9228B35B86006CFF61 /* TasksTVC.swift */ = {isa = PBXFileReference; lastKnownFileType = sourcecode.swift; path = TasksTVC.swift; sourceTree = "<group>"; };
		52435BAB28B47CA70071D241 /* UIAlertControllerError.swift */ = {isa = PBXFileReference; lastKnownFileType = sourcecode.swift; path = UIAlertControllerError.swift; sourceTree = "<group>"; };
		52435BAD28B4852C0071D241 /* ColorTVC.swift */ = {isa = PBXFileReference; lastKnownFileType = sourcecode.swift; path = ColorTVC.swift; sourceTree = "<group>"; };
		52435BAF28B494410071D241 /* TasksOptionTBV.swift */ = {isa = PBXFileReference; lastKnownFileType = sourcecode.swift; path = TasksOptionTBV.swift; sourceTree = "<group>"; };
		52435BB328B4A13C0071D241 /* ColorTasksTBV.swift */ = {isa = PBXFileReference; lastKnownFileType = sourcecode.swift; path = ColorTasksTBV.swift; sourceTree = "<group>"; };
		529D230628B3F37200AC95A9 /* AlertTime.swift */ = {isa = PBXFileReference; lastKnownFileType = sourcecode.swift; path = AlertTime.swift; sourceTree = "<group>"; };
		529D230828B3F54800AC95A9 /* AlertForCellName.swift */ = {isa = PBXFileReference; lastKnownFileType = sourcecode.swift; path = AlertForCellName.swift; sourceTree = "<group>"; };
		529D230D28B4785800AC95A9 /* ScheduleColorVC.swift */ = {isa = PBXFileReference; lastKnownFileType = sourcecode.swift; path = ScheduleColorVC.swift; sourceTree = "<group>"; };
		52AB25A328B364FC0006B7BA /* PressButtonProtocol.swift */ = {isa = PBXFileReference; lastKnownFileType = sourcecode.swift; path = PressButtonProtocol.swift; sourceTree = "<group>"; };
		52AB25A528B3883B0006B7BA /* OptionScheduleVC.swift */ = {isa = PBXFileReference; lastKnownFileType = sourcecode.swift; path = OptionScheduleVC.swift; sourceTree = "<group>"; };
		52AB25A728B38BF10006B7BA /* OptionTVC.swift */ = {isa = PBXFileReference; lastKnownFileType = sourcecode.swift; path = OptionTVC.swift; sourceTree = "<group>"; };
		52AB25A928B3A3640006B7BA /* OptionHTC.swift */ = {isa = PBXFileReference; lastKnownFileType = sourcecode.swift; path = OptionHTC.swift; sourceTree = "<group>"; };
		52AB25AC28B3C0E90006B7BA /* AlertDate.swift */ = {isa = PBXFileReference; lastKnownFileType = sourcecode.swift; path = AlertDate.swift; sourceTree = "<group>"; };
		52AF391A28B0FD8F009846BA /* MySchedule.app */ = {isa = PBXFileReference; explicitFileType = wrapper.application; includeInIndex = 0; path = MySchedule.app; sourceTree = BUILT_PRODUCTS_DIR; };
		52AF391D28B0FD8F009846BA /* AppDelegate.swift */ = {isa = PBXFileReference; lastKnownFileType = sourcecode.swift; path = AppDelegate.swift; sourceTree = "<group>"; };
		52AF391F28B0FD8F009846BA /* SceneDelegate.swift */ = {isa = PBXFileReference; lastKnownFileType = sourcecode.swift; path = SceneDelegate.swift; sourceTree = "<group>"; };
		52AF392628B0FD90009846BA /* Assets.xcassets */ = {isa = PBXFileReference; lastKnownFileType = folder.assetcatalog; path = Assets.xcassets; sourceTree = "<group>"; };
		52AF392928B0FD90009846BA /* Base */ = {isa = PBXFileReference; lastKnownFileType = file.storyboard; name = Base; path = Base.lproj/LaunchScreen.storyboard; sourceTree = "<group>"; };
		52AF392B28B0FD90009846BA /* Info.plist */ = {isa = PBXFileReference; lastKnownFileType = text.plist.xml; path = Info.plist; sourceTree = "<group>"; };
		52AF393628B103CD009846BA /* ScheduleVC.swift */ = {isa = PBXFileReference; lastKnownFileType = sourcecode.swift; path = ScheduleVC.swift; sourceTree = "<group>"; };
		52AF393828B103FA009846BA /* TasksVC.swift */ = {isa = PBXFileReference; lastKnownFileType = sourcecode.swift; path = TasksVC.swift; sourceTree = "<group>"; };
		52AF393A28B1040B009846BA /* ContactsVC.swift */ = {isa = PBXFileReference; lastKnownFileType = sourcecode.swift; path = ContactsVC.swift; sourceTree = "<group>"; };
		52AF394228B123D7009846BA /* TabBarController.swift */ = {isa = PBXFileReference; fileEncoding = 4; lastKnownFileType = sourcecode.swift; path = TabBarController.swift; sourceTree = "<group>"; };
		52AF394328B123D7009846BA /* NavBarController.swift */ = {isa = PBXFileReference; fileEncoding = 4; lastKnownFileType = sourcecode.swift; path = NavBarController.swift; sourceTree = "<group>"; };
		52AF394428B123D7009846BA /* BaseView.swift */ = {isa = PBXFileReference; fileEncoding = 4; lastKnownFileType = sourcecode.swift; path = BaseView.swift; sourceTree = "<group>"; };
		52AF394528B123D8009846BA /* BaseController.swift */ = {isa = PBXFileReference; fileEncoding = 4; lastKnownFileType = sourcecode.swift; path = BaseController.swift; sourceTree = "<group>"; };
		52AF394E28B1243C009846BA /* UIColor+Ext.swift */ = {isa = PBXFileReference; lastKnownFileType = sourcecode.swift; path = "UIColor+Ext.swift"; sourceTree = "<group>"; };
		52AF394F28B1243C009846BA /* Date + Ext.swift */ = {isa = PBXFileReference; lastKnownFileType = sourcecode.swift; path = "Date + Ext.swift"; sourceTree = "<group>"; };
		52AF395028B1243C009846BA /* UIView + Ext.swift */ = {isa = PBXFileReference; lastKnownFileType = sourcecode.swift; path = "UIView + Ext.swift"; sourceTree = "<group>"; };
		52AF395428B1243F009846BA /* Resorces.swift */ = {isa = PBXFileReference; lastKnownFileType = sourcecode.swift; path = Resorces.swift; sourceTree = "<group>"; };
		52AF396828B27E51009846BA /* ScheduleTVC.swift */ = {isa = PBXFileReference; lastKnownFileType = sourcecode.swift; path = ScheduleTVC.swift; sourceTree = "<group>"; };
		52B951F828B4E72F00DDC47E /* ContactsTVCell.swift */ = {isa = PBXFileReference; lastKnownFileType = sourcecode.swift; path = ContactsTVCell.swift; sourceTree = "<group>"; };
		52B951FA28B5225B00DDC47E /* ContactsOptionTBV.swift */ = {isa = PBXFileReference; lastKnownFileType = sourcecode.swift; path = ContactsOptionTBV.swift; sourceTree = "<group>"; };
		52B951FC28B601AF00DDC47E /* AlertOfTeacher.swift */ = {isa = PBXFileReference; lastKnownFileType = sourcecode.swift; path = AlertOfTeacher.swift; sourceTree = "<group>"; };
		52B951FE28B6126C00DDC47E /* AlertPhotoCamera.swift */ = {isa = PBXFileReference; lastKnownFileType = sourcecode.swift; path = AlertPhotoCamera.swift; sourceTree = "<group>"; };
		52B9520028B6357100DDC47E /* TeacherVC.swift */ = {isa = PBXFileReference; fileEncoding = 4; lastKnownFileType = sourcecode.swift; path = TeacherVC.swift; sourceTree = "<group>"; };
		52B9520328B6548100DDC47E /* ScheduleModel.swift */ = {isa = PBXFileReference; lastKnownFileType = sourcecode.swift; path = ScheduleModel.swift; sourceTree = "<group>"; };
		52B9520628B6562100DDC47E /* RealmManager.swift */ = {isa = PBXFileReference; lastKnownFileType = sourcecode.swift; path = RealmManager.swift; sourceTree = "<group>"; };
		52B9520828B7480B00DDC47E /* AlertOk.swift */ = {isa = PBXFileReference; lastKnownFileType = sourcecode.swift; path = AlertOk.swift; sourceTree = "<group>"; };
		908158F2E370D4BB195448F7 /* Pods-MySchedule.debug.xcconfig */ = {isa = PBXFileReference; includeInIndex = 1; lastKnownFileType = text.xcconfig; name = "Pods-MySchedule.debug.xcconfig"; path = "Target Support Files/Pods-MySchedule/Pods-MySchedule.debug.xcconfig"; sourceTree = "<group>"; };
		B72BE24E83164EBA11348DCE /* Pods-MySchedule.release.xcconfig */ = {isa = PBXFileReference; includeInIndex = 1; lastKnownFileType = text.xcconfig; name = "Pods-MySchedule.release.xcconfig"; path = "Target Support Files/Pods-MySchedule/Pods-MySchedule.release.xcconfig"; sourceTree = "<group>"; };
		E79D04F4B571BE98798749C0 /* Pods_MySchedule.framework */ = {isa = PBXFileReference; explicitFileType = wrapper.framework; includeInIndex = 0; path = Pods_MySchedule.framework; sourceTree = BUILT_PRODUCTS_DIR; };
/* End PBXFileReference section */

/* Begin PBXFrameworksBuildPhase section */
		52AF391728B0FD8F009846BA /* Frameworks */ = {
			isa = PBXFrameworksBuildPhase;
			buildActionMask = 2147483647;
			files = (
				CF6BDF7A7D17301926B9FB3B /* Pods_MySchedule.framework in Frameworks */,
			);
			runOnlyForDeploymentPostprocessing = 0;
		};
/* End PBXFrameworksBuildPhase section */

/* Begin PBXGroup section */
		36829AABEC62CCD24EAC6CD2 /* Frameworks */ = {
			isa = PBXGroup;
			children = (
				E79D04F4B571BE98798749C0 /* Pods_MySchedule.framework */,
			);
			name = Frameworks;
			sourceTree = "<group>";
		};
		521A4F9128B35B6A006CFF61 /* Views */ = {
			isa = PBXGroup;
			children = (
				521A4F9228B35B86006CFF61 /* TasksTVC.swift */,
			);
			path = Views;
			sourceTree = "<group>";
		};
		521A4F9428B363E9006CFF61 /* Protocolls */ = {
			isa = PBXGroup;
			children = (
				52AB25A328B364FC0006B7BA /* PressButtonProtocol.swift */,
			);
			path = Protocolls;
			sourceTree = "<group>";
		};
		52435BB528B4C68D0071D241 /* Cells */ = {
			isa = PBXGroup;
			children = (
				52AB25A728B38BF10006B7BA /* OptionTVC.swift */,
				52AB25A928B3A3640006B7BA /* OptionHTC.swift */,
				52435BAD28B4852C0071D241 /* ColorTVC.swift */,
			);
			path = Cells;
			sourceTree = "<group>";
		};
		52AB25AB28B3C0C70006B7BA /* View */ = {
			isa = PBXGroup;
			children = (
				52435BB528B4C68D0071D241 /* Cells */,
				52AB25AC28B3C0E90006B7BA /* AlertDate.swift */,
				529D230628B3F37200AC95A9 /* AlertTime.swift */,
				529D230828B3F54800AC95A9 /* AlertForCellName.swift */,
				52B951FC28B601AF00DDC47E /* AlertOfTeacher.swift */,
				52B951FE28B6126C00DDC47E /* AlertPhotoCamera.swift */,
				52B9520828B7480B00DDC47E /* AlertOk.swift */,
			);
			path = View;
			sourceTree = "<group>";
		};
		52AF391128B0FD8F009846BA = {
			isa = PBXGroup;
			children = (
				52AF391C28B0FD8F009846BA /* MySchedule */,
				52AF391B28B0FD8F009846BA /* Products */,
				DD9075027415BD924972A775 /* Pods */,
				36829AABEC62CCD24EAC6CD2 /* Frameworks */,
			);
			sourceTree = "<group>";
		};
		52AF391B28B0FD8F009846BA /* Products */ = {
			isa = PBXGroup;
			children = (
				52AF391A28B0FD8F009846BA /* MySchedule.app */,
			);
			name = Products;
			sourceTree = "<group>";
		};
		52AF391C28B0FD8F009846BA /* MySchedule */ = {
			isa = PBXGroup;
			children = (
				52AF393328B0FF08009846BA /* Application */,
				52B9520528B6560800DDC47E /* Services */,
				52B9520228B6545A00DDC47E /* Model */,
				52AB25AB28B3C0C70006B7BA /* View */,
				52AF393428B0FF1F009846BA /* Controller */,
				521A4F9428B363E9006CFF61 /* Protocolls */,
				52AF395628B12AB9009846BA /* Helpers */,
				52AF393528B0FF97009846BA /* Resorces */,
			);
			path = MySchedule;
			sourceTree = "<group>";
		};
		52AF393328B0FF08009846BA /* Application */ = {
			isa = PBXGroup;
			children = (
				52AF391D28B0FD8F009846BA /* AppDelegate.swift */,
				52AF391F28B0FD8F009846BA /* SceneDelegate.swift */,
			);
			path = Application;
			sourceTree = "<group>";
		};
		52AF393428B0FF1F009846BA /* Controller */ = {
			isa = PBXGroup;
			children = (
				52AF394128B123C3009846BA /* Base */,
				52AF395D28B1E4C2009846BA /* ScheduleVC */,
				52AF396528B1E8FE009846BA /* TasksVC */,
				52AF396628B1E90F009846BA /* ContactsVC */,
			);
			path = Controller;
			sourceTree = "<group>";
		};
		52AF393528B0FF97009846BA /* Resorces */ = {
			isa = PBXGroup;
			children = (
				52AF392628B0FD90009846BA /* Assets.xcassets */,
				52AF392828B0FD90009846BA /* LaunchScreen.storyboard */,
				52AF392B28B0FD90009846BA /* Info.plist */,
			);
			path = Resorces;
			sourceTree = "<group>";
		};
		52AF394128B123C3009846BA /* Base */ = {
			isa = PBXGroup;
			children = (
				52AF394528B123D8009846BA /* BaseController.swift */,
				52AF394428B123D7009846BA /* BaseView.swift */,
				52AF394328B123D7009846BA /* NavBarController.swift */,
				52AF394228B123D7009846BA /* TabBarController.swift */,
			);
			path = Base;
			sourceTree = "<group>";
		};
		52AF395628B12AB9009846BA /* Helpers */ = {
			isa = PBXGroup;
			children = (
				52AF395428B1243F009846BA /* Resorces.swift */,
				52AF395728B12AC8009846BA /* Extension */,
			);
			path = Helpers;
			sourceTree = "<group>";
		};
		52AF395728B12AC8009846BA /* Extension */ = {
			isa = PBXGroup;
			children = (
				52AF394F28B1243C009846BA /* Date + Ext.swift */,
				52AF394E28B1243C009846BA /* UIColor+Ext.swift */,
				52AF395028B1243C009846BA /* UIView + Ext.swift */,
				521A4F8D28B2A019006CFF61 /* UIStackView + Ext.swift */,
				521A4F8F28B3520E006CFF61 /* UILabel + Ext.swift */,
				52435BAB28B47CA70071D241 /* UIAlertControllerError.swift */,
			);
			name = Extension;
			sourceTree = "<group>";
		};
		52AF395D28B1E4C2009846BA /* ScheduleVC */ = {
			isa = PBXGroup;
			children = (
				52AF396728B27E2B009846BA /* Views */,
				52AF393628B103CD009846BA /* ScheduleVC.swift */,
				52AB25A528B3883B0006B7BA /* OptionScheduleVC.swift */,
				529D230D28B4785800AC95A9 /* ScheduleColorVC.swift */,
			);
			path = ScheduleVC;
			sourceTree = "<group>";
		};
		52AF396528B1E8FE009846BA /* TasksVC */ = {
			isa = PBXGroup;
			children = (
				521A4F9128B35B6A006CFF61 /* Views */,
				52AF393828B103FA009846BA /* TasksVC.swift */,
				52435BAF28B494410071D241 /* TasksOptionTBV.swift */,
				52435BB328B4A13C0071D241 /* ColorTasksTBV.swift */,
			);
			path = TasksVC;
			sourceTree = "<group>";
		};
		52AF396628B1E90F009846BA /* ContactsVC */ = {
			isa = PBXGroup;
			children = (
				52B951F728B4E66900DDC47E /* Views */,
				52AF393A28B1040B009846BA /* ContactsVC.swift */,
				52B951FA28B5225B00DDC47E /* ContactsOptionTBV.swift */,
			);
			path = ContactsVC;
			sourceTree = "<group>";
		};
		52AF396728B27E2B009846BA /* Views */ = {
			isa = PBXGroup;
			children = (
				52AF396828B27E51009846BA /* ScheduleTVC.swift */,
			);
			path = Views;
			sourceTree = "<group>";
		};
		52B951F728B4E66900DDC47E /* Views */ = {
			isa = PBXGroup;
			children = (
				52B951F828B4E72F00DDC47E /* ContactsTVCell.swift */,
				52B9520028B6357100DDC47E /* TeacherVC.swift */,
			);
			path = Views;
			sourceTree = "<group>";
		};
		52B9520228B6545A00DDC47E /* Model */ = {
			isa = PBXGroup;
			children = (
				52B9520328B6548100DDC47E /* ScheduleModel.swift */,
			);
			path = Model;
			sourceTree = "<group>";
		};
		52B9520528B6560800DDC47E /* Services */ = {
			isa = PBXGroup;
			children = (
				52B9520628B6562100DDC47E /* RealmManager.swift */,
			);
			path = Services;
			sourceTree = "<group>";
		};
		DD9075027415BD924972A775 /* Pods */ = {
			isa = PBXGroup;
			children = (
				908158F2E370D4BB195448F7 /* Pods-MySchedule.debug.xcconfig */,
				B72BE24E83164EBA11348DCE /* Pods-MySchedule.release.xcconfig */,
			);
			path = Pods;
			sourceTree = "<group>";
		};
/* End PBXGroup section */

/* Begin PBXNativeTarget section */
		52AF391928B0FD8F009846BA /* MySchedule */ = {
			isa = PBXNativeTarget;
			buildConfigurationList = 52AF392E28B0FD90009846BA /* Build configuration list for PBXNativeTarget "MySchedule" */;
			buildPhases = (
				8948AEBFC16E0936C1D5CED3 /* [CP] Check Pods Manifest.lock */,
				52AF391628B0FD8F009846BA /* Sources */,
				52AF391728B0FD8F009846BA /* Frameworks */,
				52AF391828B0FD8F009846BA /* Resources */,
				7572553AE229E6D4A0F560C6 /* [CP] Embed Pods Frameworks */,
			);
			buildRules = (
			);
			dependencies = (
			);
			name = MySchedule;
			productName = MySchedule;
			productReference = 52AF391A28B0FD8F009846BA /* MySchedule.app */;
			productType = "com.apple.product-type.application";
		};
/* End PBXNativeTarget section */

/* Begin PBXProject section */
		52AF391228B0FD8F009846BA /* Project object */ = {
			isa = PBXProject;
			attributes = {
				BuildIndependentTargetsInParallel = 1;
				LastSwiftUpdateCheck = 1310;
				LastUpgradeCheck = 1310;
				TargetAttributes = {
					52AF391928B0FD8F009846BA = {
						CreatedOnToolsVersion = 13.1;
					};
				};
			};
			buildConfigurationList = 52AF391528B0FD8F009846BA /* Build configuration list for PBXProject "MySchedule" */;
			compatibilityVersion = "Xcode 13.0";
			developmentRegion = en;
			hasScannedForEncodings = 0;
			knownRegions = (
				en,
				Base,
			);
			mainGroup = 52AF391128B0FD8F009846BA;
			productRefGroup = 52AF391B28B0FD8F009846BA /* Products */;
			projectDirPath = "";
			projectRoot = "";
			targets = (
				52AF391928B0FD8F009846BA /* MySchedule */,
			);
		};
/* End PBXProject section */

/* Begin PBXResourcesBuildPhase section */
		52AF391828B0FD8F009846BA /* Resources */ = {
			isa = PBXResourcesBuildPhase;
			buildActionMask = 2147483647;
			files = (
				52AF392A28B0FD90009846BA /* LaunchScreen.storyboard in Resources */,
				52AF392728B0FD90009846BA /* Assets.xcassets in Resources */,
			);
			runOnlyForDeploymentPostprocessing = 0;
		};
/* End PBXResourcesBuildPhase section */

/* Begin PBXShellScriptBuildPhase section */
		7572553AE229E6D4A0F560C6 /* [CP] Embed Pods Frameworks */ = {
			isa = PBXShellScriptBuildPhase;
			buildActionMask = 2147483647;
			files = (
			);
			inputFileListPaths = (
				"${PODS_ROOT}/Target Support Files/Pods-MySchedule/Pods-MySchedule-frameworks-${CONFIGURATION}-input-files.xcfilelist",
			);
			name = "[CP] Embed Pods Frameworks";
			outputFileListPaths = (
				"${PODS_ROOT}/Target Support Files/Pods-MySchedule/Pods-MySchedule-frameworks-${CONFIGURATION}-output-files.xcfilelist",
			);
			runOnlyForDeploymentPostprocessing = 0;
			shellPath = /bin/sh;
			shellScript = "\"${PODS_ROOT}/Target Support Files/Pods-MySchedule/Pods-MySchedule-frameworks.sh\"\n";
			showEnvVarsInLog = 0;
		};
		8948AEBFC16E0936C1D5CED3 /* [CP] Check Pods Manifest.lock */ = {
			isa = PBXShellScriptBuildPhase;
			buildActionMask = 2147483647;
			files = (
			);
			inputFileListPaths = (
			);
			inputPaths = (
				"${PODS_PODFILE_DIR_PATH}/Podfile.lock",
				"${PODS_ROOT}/Manifest.lock",
			);
			name = "[CP] Check Pods Manifest.lock";
			outputFileListPaths = (
			);
			outputPaths = (
				"$(DERIVED_FILE_DIR)/Pods-MySchedule-checkManifestLockResult.txt",
			);
			runOnlyForDeploymentPostprocessing = 0;
			shellPath = /bin/sh;
			shellScript = "diff \"${PODS_PODFILE_DIR_PATH}/Podfile.lock\" \"${PODS_ROOT}/Manifest.lock\" > /dev/null\nif [ $? != 0 ] ; then\n    # print error to STDERR\n    echo \"error: The sandbox is not in sync with the Podfile.lock. Run 'pod install' or update your CocoaPods installation.\" >&2\n    exit 1\nfi\n# This output is used by Xcode 'outputs' to avoid re-running this script phase.\necho \"SUCCESS\" > \"${SCRIPT_OUTPUT_FILE_0}\"\n";
			showEnvVarsInLog = 0;
		};
/* End PBXShellScriptBuildPhase section */

/* Begin PBXSourcesBuildPhase section */
		52AF391628B0FD8F009846BA /* Sources */ = {
			isa = PBXSourcesBuildPhase;
			buildActionMask = 2147483647;
			files = (
				52AF393728B103CD009846BA /* ScheduleVC.swift in Sources */,
				52AF395128B1243C009846BA /* UIView + Ext.swift in Sources */,
				52AB25AA28B3A3640006B7BA /* OptionHTC.swift in Sources */,
				521A4F8E28B2A019006CFF61 /* UIStackView + Ext.swift in Sources */,
				52AF395528B1243F009846BA /* Resorces.swift in Sources */,
				52B9520728B6562100DDC47E /* RealmManager.swift in Sources */,
				529D230728B3F37200AC95A9 /* AlertTime.swift in Sources */,
				52AF394A28B123D8009846BA /* BaseController.swift in Sources */,
				52AF395228B1243C009846BA /* Date + Ext.swift in Sources */,
				52B9520928B7480C00DDC47E /* AlertOk.swift in Sources */,
				529D230E28B4785800AC95A9 /* ScheduleColorVC.swift in Sources */,
				52435BB428B4A13C0071D241 /* ColorTasksTBV.swift in Sources */,
				52AF393928B103FA009846BA /* TasksVC.swift in Sources */,
				52AF395328B1243C009846BA /* UIColor+Ext.swift in Sources */,
				52B951F928B4E72F00DDC47E /* ContactsTVCell.swift in Sources */,
				521A4F9028B3520E006CFF61 /* UILabel + Ext.swift in Sources */,
				52AB25A628B3883B0006B7BA /* OptionScheduleVC.swift in Sources */,
				52AF391E28B0FD8F009846BA /* AppDelegate.swift in Sources */,
				52AB25AD28B3C0E90006B7BA /* AlertDate.swift in Sources */,
				52AF396928B27E51009846BA /* ScheduleTVC.swift in Sources */,
				52435BAC28B47CA70071D241 /* UIAlertControllerError.swift in Sources */,
				52B9520128B6357100DDC47E /* TeacherVC.swift in Sources */,
				52AB25A828B38BF10006B7BA /* OptionTVC.swift in Sources */,
				52AF394828B123D8009846BA /* NavBarController.swift in Sources */,
				52B9520428B6548100DDC47E /* ScheduleModel.swift in Sources */,
				52B951FB28B5225B00DDC47E /* ContactsOptionTBV.swift in Sources */,
				529D230928B3F54800AC95A9 /* AlertForCellName.swift in Sources */,
				52AF394728B123D8009846BA /* TabBarController.swift in Sources */,
				52435BAE28B4852C0071D241 /* ColorTVC.swift in Sources */,
				52B951FD28B601AF00DDC47E /* AlertOfTeacher.swift in Sources */,
				521A4F9328B35B86006CFF61 /* TasksTVC.swift in Sources */,
				52AF392028B0FD8F009846BA /* SceneDelegate.swift in Sources */,
				52435BB028B494410071D241 /* TasksOptionTBV.swift in Sources */,
				52AB25A428B364FC0006B7BA /* PressButtonProtocol.swift in Sources */,
				52AF393B28B1040B009846BA /* ContactsVC.swift in Sources */,
				52B951FF28B6126C00DDC47E /* AlertPhotoCamera.swift in Sources */,
				52AF394928B123D8009846BA /* BaseView.swift in Sources */,
			);
			runOnlyForDeploymentPostprocessing = 0;
		};
/* End PBXSourcesBuildPhase section */

/* Begin PBXVariantGroup section */
		52AF392828B0FD90009846BA /* LaunchScreen.storyboard */ = {
			isa = PBXVariantGroup;
			children = (
				52AF392928B0FD90009846BA /* Base */,
			);
			name = LaunchScreen.storyboard;
			sourceTree = "<group>";
		};
/* End PBXVariantGroup section */

/* Begin XCBuildConfiguration section */
		52AF392C28B0FD90009846BA /* Debug */ = {
			isa = XCBuildConfiguration;
			buildSettings = {
				ALWAYS_SEARCH_USER_PATHS = NO;
				CLANG_ANALYZER_NONNULL = YES;
				CLANG_ANALYZER_NUMBER_OBJECT_CONVERSION = YES_AGGRESSIVE;
				CLANG_CXX_LANGUAGE_STANDARD = "gnu++17";
				CLANG_CXX_LIBRARY = "libc++";
				CLANG_ENABLE_MODULES = YES;
				CLANG_ENABLE_OBJC_ARC = YES;
				CLANG_ENABLE_OBJC_WEAK = YES;
				CLANG_WARN_BLOCK_CAPTURE_AUTORELEASING = YES;
				CLANG_WARN_BOOL_CONVERSION = YES;
				CLANG_WARN_COMMA = YES;
				CLANG_WARN_CONSTANT_CONVERSION = YES;
				CLANG_WARN_DEPRECATED_OBJC_IMPLEMENTATIONS = YES;
				CLANG_WARN_DIRECT_OBJC_ISA_USAGE = YES_ERROR;
				CLANG_WARN_DOCUMENTATION_COMMENTS = YES;
				CLANG_WARN_EMPTY_BODY = YES;
				CLANG_WARN_ENUM_CONVERSION = YES;
				CLANG_WARN_INFINITE_RECURSION = YES;
				CLANG_WARN_INT_CONVERSION = YES;
				CLANG_WARN_NON_LITERAL_NULL_CONVERSION = YES;
				CLANG_WARN_OBJC_IMPLICIT_RETAIN_SELF = YES;
				CLANG_WARN_OBJC_LITERAL_CONVERSION = YES;
				CLANG_WARN_OBJC_ROOT_CLASS = YES_ERROR;
				CLANG_WARN_QUOTED_INCLUDE_IN_FRAMEWORK_HEADER = YES;
				CLANG_WARN_RANGE_LOOP_ANALYSIS = YES;
				CLANG_WARN_STRICT_PROTOTYPES = YES;
				CLANG_WARN_SUSPICIOUS_MOVE = YES;
				CLANG_WARN_UNGUARDED_AVAILABILITY = YES_AGGRESSIVE;
				CLANG_WARN_UNREACHABLE_CODE = YES;
				CLANG_WARN__DUPLICATE_METHOD_MATCH = YES;
				COPY_PHASE_STRIP = NO;
				DEBUG_INFORMATION_FORMAT = dwarf;
				ENABLE_STRICT_OBJC_MSGSEND = YES;
				ENABLE_TESTABILITY = YES;
				GCC_C_LANGUAGE_STANDARD = gnu11;
				GCC_DYNAMIC_NO_PIC = NO;
				GCC_NO_COMMON_BLOCKS = YES;
				GCC_OPTIMIZATION_LEVEL = 0;
				GCC_PREPROCESSOR_DEFINITIONS = (
					"DEBUG=1",
					"$(inherited)",
				);
				GCC_WARN_64_TO_32_BIT_CONVERSION = YES;
				GCC_WARN_ABOUT_RETURN_TYPE = YES_ERROR;
				GCC_WARN_UNDECLARED_SELECTOR = YES;
				GCC_WARN_UNINITIALIZED_AUTOS = YES_AGGRESSIVE;
				GCC_WARN_UNUSED_FUNCTION = YES;
				GCC_WARN_UNUSED_VARIABLE = YES;
				IPHONEOS_DEPLOYMENT_TARGET = 15.0;
				MTL_ENABLE_DEBUG_INFO = INCLUDE_SOURCE;
				MTL_FAST_MATH = YES;
				ONLY_ACTIVE_ARCH = YES;
				SDKROOT = iphoneos;
				SWIFT_ACTIVE_COMPILATION_CONDITIONS = DEBUG;
				SWIFT_OPTIMIZATION_LEVEL = "-Onone";
			};
			name = Debug;
		};
		52AF392D28B0FD90009846BA /* Release */ = {
			isa = XCBuildConfiguration;
			buildSettings = {
				ALWAYS_SEARCH_USER_PATHS = NO;
				CLANG_ANALYZER_NONNULL = YES;
				CLANG_ANALYZER_NUMBER_OBJECT_CONVERSION = YES_AGGRESSIVE;
				CLANG_CXX_LANGUAGE_STANDARD = "gnu++17";
				CLANG_CXX_LIBRARY = "libc++";
				CLANG_ENABLE_MODULES = YES;
				CLANG_ENABLE_OBJC_ARC = YES;
				CLANG_ENABLE_OBJC_WEAK = YES;
				CLANG_WARN_BLOCK_CAPTURE_AUTORELEASING = YES;
				CLANG_WARN_BOOL_CONVERSION = YES;
				CLANG_WARN_COMMA = YES;
				CLANG_WARN_CONSTANT_CONVERSION = YES;
				CLANG_WARN_DEPRECATED_OBJC_IMPLEMENTATIONS = YES;
				CLANG_WARN_DIRECT_OBJC_ISA_USAGE = YES_ERROR;
				CLANG_WARN_DOCUMENTATION_COMMENTS = YES;
				CLANG_WARN_EMPTY_BODY = YES;
				CLANG_WARN_ENUM_CONVERSION = YES;
				CLANG_WARN_INFINITE_RECURSION = YES;
				CLANG_WARN_INT_CONVERSION = YES;
				CLANG_WARN_NON_LITERAL_NULL_CONVERSION = YES;
				CLANG_WARN_OBJC_IMPLICIT_RETAIN_SELF = YES;
				CLANG_WARN_OBJC_LITERAL_CONVERSION = YES;
				CLANG_WARN_OBJC_ROOT_CLASS = YES_ERROR;
				CLANG_WARN_QUOTED_INCLUDE_IN_FRAMEWORK_HEADER = YES;
				CLANG_WARN_RANGE_LOOP_ANALYSIS = YES;
				CLANG_WARN_STRICT_PROTOTYPES = YES;
				CLANG_WARN_SUSPICIOUS_MOVE = YES;
				CLANG_WARN_UNGUARDED_AVAILABILITY = YES_AGGRESSIVE;
				CLANG_WARN_UNREACHABLE_CODE = YES;
				CLANG_WARN__DUPLICATE_METHOD_MATCH = YES;
				COPY_PHASE_STRIP = NO;
				DEBUG_INFORMATION_FORMAT = "dwarf-with-dsym";
				ENABLE_NS_ASSERTIONS = NO;
				ENABLE_STRICT_OBJC_MSGSEND = YES;
				GCC_C_LANGUAGE_STANDARD = gnu11;
				GCC_NO_COMMON_BLOCKS = YES;
				GCC_WARN_64_TO_32_BIT_CONVERSION = YES;
				GCC_WARN_ABOUT_RETURN_TYPE = YES_ERROR;
				GCC_WARN_UNDECLARED_SELECTOR = YES;
				GCC_WARN_UNINITIALIZED_AUTOS = YES_AGGRESSIVE;
				GCC_WARN_UNUSED_FUNCTION = YES;
				GCC_WARN_UNUSED_VARIABLE = YES;
				IPHONEOS_DEPLOYMENT_TARGET = 15.0;
				MTL_ENABLE_DEBUG_INFO = NO;
				MTL_FAST_MATH = YES;
				SDKROOT = iphoneos;
				SWIFT_COMPILATION_MODE = wholemodule;
				SWIFT_OPTIMIZATION_LEVEL = "-O";
				VALIDATE_PRODUCT = YES;
			};
			name = Release;
		};
		52AF392F28B0FD90009846BA /* Debug */ = {
			isa = XCBuildConfiguration;
			baseConfigurationReference = 908158F2E370D4BB195448F7 /* Pods-MySchedule.debug.xcconfig */;
			buildSettings = {
				ASSETCATALOG_COMPILER_APPICON_NAME = AppIcon;
				ASSETCATALOG_COMPILER_GLOBAL_ACCENT_COLOR_NAME = AccentColor;
				CODE_SIGN_STYLE = Automatic;
				CURRENT_PROJECT_VERSION = 1;
				DEVELOPMENT_TEAM = 553DP5SJ57;
				GENERATE_INFOPLIST_FILE = YES;
				INFOPLIST_FILE = MySchedule/Resorces/Info.plist;
				INFOPLIST_KEY_UIApplicationSupportsIndirectInputEvents = YES;
				INFOPLIST_KEY_UILaunchStoryboardName = LaunchScreen;
				INFOPLIST_KEY_UISupportedInterfaceOrientations_iPad = "UIInterfaceOrientationPortrait UIInterfaceOrientationPortraitUpsideDown UIInterfaceOrientationLandscapeLeft UIInterfaceOrientationLandscapeRight";
				INFOPLIST_KEY_UISupportedInterfaceOrientations_iPhone = "UIInterfaceOrientationPortrait UIInterfaceOrientationLandscapeLeft UIInterfaceOrientationLandscapeRight";
				IPHONEOS_DEPLOYMENT_TARGET = 13.0;
				LD_RUNPATH_SEARCH_PATHS = (
					"$(inherited)",
					"@executable_path/Frameworks",
				);
				MARKETING_VERSION = 1.0;
				PRODUCT_BUNDLE_IDENTIFIER = ASaidaxmad.MySchedule;
				PRODUCT_NAME = "$(TARGET_NAME)";
				SWIFT_EMIT_LOC_STRINGS = YES;
				SWIFT_VERSION = 5.0;
				TARGETED_DEVICE_FAMILY = "1,2";
			};
			name = Debug;
		};
		52AF393028B0FD90009846BA /* Release */ = {
			isa = XCBuildConfiguration;
			baseConfigurationReference = B72BE24E83164EBA11348DCE /* Pods-MySchedule.release.xcconfig */;
			buildSettings = {
				ASSETCATALOG_COMPILER_APPICON_NAME = AppIcon;
				ASSETCATALOG_COMPILER_GLOBAL_ACCENT_COLOR_NAME = AccentColor;
				CODE_SIGN_STYLE = Automatic;
				CURRENT_PROJECT_VERSION = 1;
				DEVELOPMENT_TEAM = 553DP5SJ57;
				GENERATE_INFOPLIST_FILE = YES;
				INFOPLIST_FILE = MySchedule/Resorces/Info.plist;
				INFOPLIST_KEY_UIApplicationSupportsIndirectInputEvents = YES;
				INFOPLIST_KEY_UILaunchStoryboardName = LaunchScreen;
				INFOPLIST_KEY_UISupportedInterfaceOrientations_iPad = "UIInterfaceOrientationPortrait UIInterfaceOrientationPortraitUpsideDown UIInterfaceOrientationLandscapeLeft UIInterfaceOrientationLandscapeRight";
				INFOPLIST_KEY_UISupportedInterfaceOrientations_iPhone = "UIInterfaceOrientationPortrait UIInterfaceOrientationLandscapeLeft UIInterfaceOrientationLandscapeRight";
				IPHONEOS_DEPLOYMENT_TARGET = 13.0;
				LD_RUNPATH_SEARCH_PATHS = (
					"$(inherited)",
					"@executable_path/Frameworks",
				);
				MARKETING_VERSION = 1.0;
				PRODUCT_BUNDLE_IDENTIFIER = ASaidaxmad.MySchedule;
				PRODUCT_NAME = "$(TARGET_NAME)";
				SWIFT_EMIT_LOC_STRINGS = YES;
				SWIFT_VERSION = 5.0;
				TARGETED_DEVICE_FAMILY = "1,2";
			};
			name = Release;
		};
/* End XCBuildConfiguration section */

/* Begin XCConfigurationList section */
		52AF391528B0FD8F009846BA /* Build configuration list for PBXProject "MySchedule" */ = {
			isa = XCConfigurationList;
			buildConfigurations = (
				52AF392C28B0FD90009846BA /* Debug */,
				52AF392D28B0FD90009846BA /* Release */,
			);
			defaultConfigurationIsVisible = 0;
			defaultConfigurationName = Release;
		};
		52AF392E28B0FD90009846BA /* Build configuration list for PBXNativeTarget "MySchedule" */ = {
			isa = XCConfigurationList;
			buildConfigurations = (
				52AF392F28B0FD90009846BA /* Debug */,
				52AF393028B0FD90009846BA /* Release */,
			);
			defaultConfigurationIsVisible = 0;
			defaultConfigurationName = Release;
		};
/* End XCConfigurationList section */
	};
	rootObject = 52AF391228B0FD8F009846BA /* Project object */;
}
